
Microsoft Visual Studio Solution File, Format Version 12.00
# Visual Studio Version 16
VisualStudioVersion = 16.0.31402.337
MinimumVisualStudioVersion = 10.0.40219.1
Project("{2150E333-8FDC-42A3-9474-1A3956D46DE8}") = "Chapter04", "Chapter04", "{7DBCA76F-9B1C-44FE-88EF-A4081158F6AD}"
	ProjectSection(SolutionItems) = preProject
		Chapter04\README.md = Chapter04\README.md
	EndProjectSection
EndProject
Project("{8BC9CEB8-8B4A-11D0-8D11-00A0C91BC942}") = "ArrayRead", "Chapter04\ArrayRead\ArrayRead.vcxproj", "{C038D0AC-FAB9-44C7-B1BF-A838C3AF65B7}"
EndProject
Project("{2150E333-8FDC-42A3-9474-1A3956D46DE8}") = "Solution Items", "Solution Items", "{48F4AAE2-165E-4225-8B62-292C79897864}"
	ProjectSection(SolutionItems) = preProject
		README.md = README.md
	EndProjectSection
EndProject
Project("{8BC9CEB8-8B4A-11D0-8D11-00A0C91BC942}") = "LinkedRead", "Chapter04\LinkedRead\LinkedRead.vcxproj", "{99DF6FF9-7EFB-42F7-A318-B96E9986E279}"
EndProject
Project("{8BC9CEB8-8B4A-11D0-8D11-00A0C91BC942}") = "ex04-1", "Chapter04\ex04-1\ex04-1.vcxproj", "{8D0EFF0D-9F13-498B-B8FB-7673CF000617}"
EndProject
Project("{8BC9CEB8-8B4A-11D0-8D11-00A0C91BC942}") = "DLinkedListLibrary", "Chapter04\DLinkedListLibrary\DLinkedListLibrary.vcxproj", "{F0E7A560-98C7-4192-8BEE-FCBF960FE6C2}"
EndProject
Project("{8BC9CEB8-8B4A-11D0-8D11-00A0C91BC942}") = "DLinkedListMain", "Chapter04\DLinkedListMain\DLinkedListMain.vcxproj", "{37844AD8-35FB-41FB-82A9-7CE9D34E38DD}"
	ProjectSection(ProjectDependencies) = postProject
		{F0E7A560-98C7-4192-8BEE-FCBF960FE6C2} = {F0E7A560-98C7-4192-8BEE-FCBF960FE6C2}
	EndProjectSection
EndProject
Project("{8BC9CEB8-8B4A-11D0-8D11-00A0C91BC942}") = "ex04-2", "Chapter04\ex04-2\ex04-2.vcxproj", "{11D9EFB5-20AA-4ABA-A94E-9E77B59DB03A}"
EndProject
Project("{8BC9CEB8-8B4A-11D0-8D11-00A0C91BC942}") = "ex04-3", "Chapter04\ex04-3\ex04-3.vcxproj", "{646EB9DC-F856-490A-97BA-9C334BA897E1}"
	ProjectSection(ProjectDependencies) = postProject
		{F0E7A560-98C7-4192-8BEE-FCBF960FE6C2} = {F0E7A560-98C7-4192-8BEE-FCBF960FE6C2}
	EndProjectSection
EndProject
Project("{8BC9CEB8-8B4A-11D0-8D11-00A0C91BC942}") = "ex04-4", "Chapter04\ex04-4\ex04-4.vcxproj", "{85740B14-F92C-4993-9C38-40168A1120F3}"
	ProjectSection(ProjectDependencies) = postProject
		{F0E7A560-98C7-4192-8BEE-FCBF960FE6C2} = {F0E7A560-98C7-4192-8BEE-FCBF960FE6C2}
	EndProjectSection
EndProject
Project("{2150E333-8FDC-42A3-9474-1A3956D46DE8}") = "Chapter05", "Chapter05", "{67762FFA-4354-4A75-9D21-F595D61EAA6B}"
	ProjectSection(SolutionItems) = preProject
		Chapter05\README.md = Chapter05\README.md
	EndProjectSection
EndProject
Project("{8BC9CEB8-8B4A-11D0-8D11-00A0C91BC942}") = "CLinkedListLibrary", "Chapter05\CLinkedListLibrary\CLinkedListLibrary.vcxproj", "{461BC935-26C5-4B28-93DE-031940E650F2}"
EndProject
Project("{8BC9CEB8-8B4A-11D0-8D11-00A0C91BC942}") = "CLinkedListMain", "Chapter05\CLinkedListMain\CLinkedListMain.vcxproj", "{49881EE2-26B9-4F0F-9FEC-C47FE56EAEFC}"
	ProjectSection(ProjectDependencies) = postProject
		{461BC935-26C5-4B28-93DE-031940E650F2} = {461BC935-26C5-4B28-93DE-031940E650F2}
	EndProjectSection
EndProject
Project("{8BC9CEB8-8B4A-11D0-8D11-00A0C91BC942}") = "ex05-1", "Chapter05\ex05-1\ex05-1.vcxproj", "{C1FC9B69-2F0A-4F6F-967B-80D4943BF90A}"
	ProjectSection(ProjectDependencies) = postProject
		{461BC935-26C5-4B28-93DE-031940E650F2} = {461BC935-26C5-4B28-93DE-031940E650F2}
	EndProjectSection
EndProject
Project("{8BC9CEB8-8B4A-11D0-8D11-00A0C91BC942}") = "DBLinkedListLibrary", "Chapter05\DBLinkedListLibrary\DBLinkedListLibrary.vcxproj", "{DDA75EB3-052A-4E27-AD42-7A666E943091}"
EndProject
Project("{8BC9CEB8-8B4A-11D0-8D11-00A0C91BC942}") = "DBLinkedListMain", "Chapter05\DBLinkedListMain\DBLinkedListMain.vcxproj", "{736DD547-1E0F-42FA-9281-FE57207D7018}"
	ProjectSection(ProjectDependencies) = postProject
		{DDA75EB3-052A-4E27-AD42-7A666E943091} = {DDA75EB3-052A-4E27-AD42-7A666E943091}
	EndProjectSection
EndProject
Project("{8BC9CEB8-8B4A-11D0-8D11-00A0C91BC942}") = "ex05-2", "Chapter05\ex05-2\ex05-2.vcxproj", "{6D972B29-3884-467E-A98C-25FDC93257A0}"
EndProject
Project("{2150E333-8FDC-42A3-9474-1A3956D46DE8}") = "Chapter06", "Chapter06", "{11D64E5B-5392-4A0D-AEFE-284B84024F08}"
	ProjectSection(SolutionItems) = preProject
		Chapter06\README.md = Chapter06\README.md
	EndProjectSection
EndProject
Project("{8BC9CEB8-8B4A-11D0-8D11-00A0C91BC942}") = "ArrayBaseStackLibrary", "Chapter06\ArrayBaseStackLibrary\ArrayBaseStackLibrary.vcxproj", "{FC75E6BC-0137-4759-B344-C855DA63684E}"
EndProject
Project("{8BC9CEB8-8B4A-11D0-8D11-00A0C91BC942}") = "ArrayBaseStackMain", "Chapter06\ArrayBaseStackMain\ArrayBaseStackMain.vcxproj", "{7107CBE3-F8A0-4799-AE9F-8478D4A279ED}"
	ProjectSection(ProjectDependencies) = postProject
		{FC75E6BC-0137-4759-B344-C855DA63684E} = {FC75E6BC-0137-4759-B344-C855DA63684E}
	EndProjectSection
EndProject
Project("{8BC9CEB8-8B4A-11D0-8D11-00A0C91BC942}") = "ListBaseStackLibrary", "Chapter06\ListBaseStackLibrary\ListBaseStackLibrary.vcxproj", "{7A2C8919-DCCC-4A53-B494-8AC012736CFA}"
EndProject
Project("{8BC9CEB8-8B4A-11D0-8D11-00A0C91BC942}") = "ListBaseStackMain", "Chapter06\ListBaseStackMain\ListBaseStackMain.vcxproj", "{7F6DBF29-8404-4712-8669-3B4E82D0DEB1}"
	ProjectSection(ProjectDependencies) = postProject
		{7A2C8919-DCCC-4A53-B494-8AC012736CFA} = {7A2C8919-DCCC-4A53-B494-8AC012736CFA}
	EndProjectSection
EndProject
Project("{8BC9CEB8-8B4A-11D0-8D11-00A0C91BC942}") = "ex06-1", "Chapter06\ex06-1\ex06-1.vcxproj", "{3B827F14-E541-4582-AD5A-A767E7BEFC17}"
	ProjectSection(ProjectDependencies) = postProject
		{461BC935-26C5-4B28-93DE-031940E650F2} = {461BC935-26C5-4B28-93DE-031940E650F2}
	EndProjectSection
EndProject
Project("{8BC9CEB8-8B4A-11D0-8D11-00A0C91BC942}") = "InfixToPostfixCalc", "Chapter06\InfixToPostfixCalc\InfixToPostfixCalc.vcxproj", "{AD92B494-A62C-45FD-A980-772756F302BC}"
	ProjectSection(ProjectDependencies) = postProject
		{7A2C8919-DCCC-4A53-B494-8AC012736CFA} = {7A2C8919-DCCC-4A53-B494-8AC012736CFA}
	EndProjectSection
EndProject
Project("{2150E333-8FDC-42A3-9474-1A3956D46DE8}") = "Chapter07", "Chapter07", "{56EA3006-0328-4B9A-8953-74768D5704F5}"
	ProjectSection(SolutionItems) = preProject
		Chapter07\README.md = Chapter07\README.md
	EndProjectSection
EndProject
Project("{8BC9CEB8-8B4A-11D0-8D11-00A0C91BC942}") = "CircularQueueMain", "Chapter07\CircularQueueMain\CircularQueueMain.vcxproj", "{A2416C74-8832-4288-8F0F-EB6734C75762}"
	ProjectSection(ProjectDependencies) = postProject
		{48A65C12-5923-4896-AC24-23FAB0508AF9} = {48A65C12-5923-4896-AC24-23FAB0508AF9}
	EndProjectSection
EndProject
Project("{8BC9CEB8-8B4A-11D0-8D11-00A0C91BC942}") = "CircularQueueLibrary", "Chapter07\CircularQueueLibrary\CircularQueueLibrary.vcxproj", "{48A65C12-5923-4896-AC24-23FAB0508AF9}"
EndProject
Project("{8BC9CEB8-8B4A-11D0-8D11-00A0C91BC942}") = "ListBaseQueueLibrary", "Chapter07\ListBaseQueueLibrary\ListBaseQueueLibrary.vcxproj", "{5D00DFC0-2B23-4484-AABD-CE0E4E2FDD2D}"
EndProject
Project("{8BC9CEB8-8B4A-11D0-8D11-00A0C91BC942}") = "ListBaseQueueMain", "Chapter07\ListBaseQueueMain\ListBaseQueueMain.vcxproj", "{5EA1F0AE-49CA-4DFB-8623-4FD965179C9F}"
	ProjectSection(ProjectDependencies) = postProject
		{5D00DFC0-2B23-4484-AABD-CE0E4E2FDD2D} = {5D00DFC0-2B23-4484-AABD-CE0E4E2FDD2D}
	EndProjectSection
EndProject
Project("{8BC9CEB8-8B4A-11D0-8D11-00A0C91BC942}") = "HamburgerSim", "Chapter07\HamburgerSim\HamburgerSim.vcxproj", "{ACC9DFE2-8003-4F14-AA9F-469ACB2A1005}"
	ProjectSection(ProjectDependencies) = postProject
		{48A65C12-5923-4896-AC24-23FAB0508AF9} = {48A65C12-5923-4896-AC24-23FAB0508AF9}
	EndProjectSection
EndProject
Project("{8BC9CEB8-8B4A-11D0-8D11-00A0C91BC942}") = "DequeLibrary", "Chapter07\DequeLibrary\DequeLibrary.vcxproj", "{840BAB5D-E586-4B12-8286-19D233F199BB}"
EndProject
Project("{8BC9CEB8-8B4A-11D0-8D11-00A0C91BC942}") = "DequeMain", "Chapter07\DequeMain\DequeMain.vcxproj", "{19ECAC39-360B-4A4A-A4E1-920ABCAE3896}"
	ProjectSection(ProjectDependencies) = postProject
		{840BAB5D-E586-4B12-8286-19D233F199BB} = {840BAB5D-E586-4B12-8286-19D233F199BB}
	EndProjectSection
EndProject
Project("{8BC9CEB8-8B4A-11D0-8D11-00A0C91BC942}") = "DequeBaseQueue", "Chapter07\DequeBaseQueue\DequeBaseQueue.vcxproj", "{28BB07A0-AB58-4E0C-8A1E-C2E4D88F0F58}"
	ProjectSection(ProjectDependencies) = postProject
		{840BAB5D-E586-4B12-8286-19D233F199BB} = {840BAB5D-E586-4B12-8286-19D233F199BB}
	EndProjectSection
EndProject
Project("{2150E333-8FDC-42A3-9474-1A3956D46DE8}") = "Chapter08", "Chapter08", "{2C01B021-1D62-4E3D-88CA-57BA156CEFE6}"
	ProjectSection(SolutionItems) = preProject
		Chapter08\README.md = Chapter08\README.md
	EndProjectSection
EndProject
Project("{8BC9CEB8-8B4A-11D0-8D11-00A0C91BC942}") = "BinaryTreeMain", "Chapter08\BinaryTreeMain\BinaryTreeMain.vcxproj", "{2710E91B-AE28-437D-9BF9-ADBF0EB4756B}"
	ProjectSection(ProjectDependencies) = postProject
		{1BB085EE-9240-4C6F-8C27-134C17810AF9} = {1BB085EE-9240-4C6F-8C27-134C17810AF9}
	EndProjectSection
EndProject
Project("{8BC9CEB8-8B4A-11D0-8D11-00A0C91BC942}") = "BinaryTreeLibrary", "Chapter08\BinaryTreeLibrary\BinaryTreeLibrary.vcxproj", "{1BB085EE-9240-4C6F-8C27-134C17810AF9}"
EndProject
Project("{8BC9CEB8-8B4A-11D0-8D11-00A0C91BC942}") = "BinaryTreeMain2", "Chapter08\BinaryTreeMain2\BinaryTreeMain2.vcxproj", "{398DF179-BE4F-4B05-87DD-8D7C00EBDE34}"
	ProjectSection(ProjectDependencies) = postProject
		{8EBA9707-4ADD-4A5A-BBD1-C7B2D872A103} = {8EBA9707-4ADD-4A5A-BBD1-C7B2D872A103}
	EndProjectSection
EndProject
Project("{8BC9CEB8-8B4A-11D0-8D11-00A0C91BC942}") = "BinaryTree2Library", "Chapter08\BinaryTree2Library\BinaryTree2Library.vcxproj", "{8EBA9707-4ADD-4A5A-BBD1-C7B2D872A103}"
EndProject
Project("{8BC9CEB8-8B4A-11D0-8D11-00A0C91BC942}") = "ExpressionTreeLibrary", "Chapter08\ExpressionTreeLibrary\ExpressionTreeLibrary.vcxproj", "{595EFAFB-32D0-4C03-9A7A-0109AA96F938}"
	ProjectSection(ProjectDependencies) = postProject
		{8EBA9707-4ADD-4A5A-BBD1-C7B2D872A103} = {8EBA9707-4ADD-4A5A-BBD1-C7B2D872A103}
	EndProjectSection
EndProject
Project("{8BC9CEB8-8B4A-11D0-8D11-00A0C91BC942}") = "ExpressionTreeMain", "Chapter08\ExpressionTreeMain\ExpressionTreeMain.vcxproj", "{E576DDC2-AE35-49DE-95F4-E25948D4B87B}"
	ProjectSection(ProjectDependencies) = postProject
		{595EFAFB-32D0-4C03-9A7A-0109AA96F938} = {595EFAFB-32D0-4C03-9A7A-0109AA96F938}
	EndProjectSection
EndProject
Project("{2150E333-8FDC-42A3-9474-1A3956D46DE8}") = "Chapter09", "Chapter09", "{FC1F7282-15BE-421A-859D-86B52C450876}"
	ProjectSection(SolutionItems) = preProject
		Chapter09\README.md = Chapter09\README.md
	EndProjectSection
EndProject
Project("{8BC9CEB8-8B4A-11D0-8D11-00A0C91BC942}") = "SimpleHeapLibrary", "Chapter09\SimpleHeapLibrary\SimpleHeapLibrary.vcxproj", "{31AC3B28-0638-4271-B267-68C0100C8442}"
EndProject
Project("{8BC9CEB8-8B4A-11D0-8D11-00A0C91BC942}") = "SimpleHeapMain", "Chapter09\SimpleHeapMain\SimpleHeapMain.vcxproj", "{6E19F3F3-AF62-4BD1-BD80-882DB9CABDD5}"
	ProjectSection(ProjectDependencies) = postProject
		{31AC3B28-0638-4271-B267-68C0100C8442} = {31AC3B28-0638-4271-B267-68C0100C8442}
	EndProjectSection
EndProject
Project("{8BC9CEB8-8B4A-11D0-8D11-00A0C91BC942}") = "EnhancedHeapLibrary", "Chapter09\EnhancedHeapLibrary\EnhancedHeapLibrary.vcxproj", "{77DE009D-DC91-4DFD-92DB-C3BFB32CF187}"
EndProject
Project("{8BC9CEB8-8B4A-11D0-8D11-00A0C91BC942}") = "EnhancedHeapMain", "Chapter09\EnhancedHeapMain\EnhancedHeapMain.vcxproj", "{EC2FFE02-4A1C-47EA-A9AD-C0C79C1E468F}"
	ProjectSection(ProjectDependencies) = postProject
		{77DE009D-DC91-4DFD-92DB-C3BFB32CF187} = {77DE009D-DC91-4DFD-92DB-C3BFB32CF187}
	EndProjectSection
EndProject
Global
	GlobalSection(SolutionConfigurationPlatforms) = preSolution
		Debug|x64 = Debug|x64
		Debug|x86 = Debug|x86
		Release|x64 = Release|x64
		Release|x86 = Release|x86
	EndGlobalSection
	GlobalSection(ProjectConfigurationPlatforms) = postSolution
		{C038D0AC-FAB9-44C7-B1BF-A838C3AF65B7}.Debug|x64.ActiveCfg = Debug|x64
		{C038D0AC-FAB9-44C7-B1BF-A838C3AF65B7}.Debug|x64.Build.0 = Debug|x64
		{C038D0AC-FAB9-44C7-B1BF-A838C3AF65B7}.Debug|x86.ActiveCfg = Debug|Win32
		{C038D0AC-FAB9-44C7-B1BF-A838C3AF65B7}.Debug|x86.Build.0 = Debug|Win32
		{C038D0AC-FAB9-44C7-B1BF-A838C3AF65B7}.Release|x64.ActiveCfg = Release|x64
		{C038D0AC-FAB9-44C7-B1BF-A838C3AF65B7}.Release|x64.Build.0 = Release|x64
		{C038D0AC-FAB9-44C7-B1BF-A838C3AF65B7}.Release|x86.ActiveCfg = Release|Win32
		{C038D0AC-FAB9-44C7-B1BF-A838C3AF65B7}.Release|x86.Build.0 = Release|Win32
		{99DF6FF9-7EFB-42F7-A318-B96E9986E279}.Debug|x64.ActiveCfg = Debug|x64
		{99DF6FF9-7EFB-42F7-A318-B96E9986E279}.Debug|x64.Build.0 = Debug|x64
		{99DF6FF9-7EFB-42F7-A318-B96E9986E279}.Debug|x86.ActiveCfg = Debug|Win32
		{99DF6FF9-7EFB-42F7-A318-B96E9986E279}.Debug|x86.Build.0 = Debug|Win32
		{99DF6FF9-7EFB-42F7-A318-B96E9986E279}.Release|x64.ActiveCfg = Release|x64
		{99DF6FF9-7EFB-42F7-A318-B96E9986E279}.Release|x64.Build.0 = Release|x64
		{99DF6FF9-7EFB-42F7-A318-B96E9986E279}.Release|x86.ActiveCfg = Release|Win32
		{99DF6FF9-7EFB-42F7-A318-B96E9986E279}.Release|x86.Build.0 = Release|Win32
		{8D0EFF0D-9F13-498B-B8FB-7673CF000617}.Debug|x64.ActiveCfg = Debug|x64
		{8D0EFF0D-9F13-498B-B8FB-7673CF000617}.Debug|x64.Build.0 = Debug|x64
		{8D0EFF0D-9F13-498B-B8FB-7673CF000617}.Debug|x86.ActiveCfg = Debug|Win32
		{8D0EFF0D-9F13-498B-B8FB-7673CF000617}.Debug|x86.Build.0 = Debug|Win32
		{8D0EFF0D-9F13-498B-B8FB-7673CF000617}.Release|x64.ActiveCfg = Release|x64
		{8D0EFF0D-9F13-498B-B8FB-7673CF000617}.Release|x64.Build.0 = Release|x64
		{8D0EFF0D-9F13-498B-B8FB-7673CF000617}.Release|x86.ActiveCfg = Release|Win32
		{8D0EFF0D-9F13-498B-B8FB-7673CF000617}.Release|x86.Build.0 = Release|Win32
		{F0E7A560-98C7-4192-8BEE-FCBF960FE6C2}.Debug|x64.ActiveCfg = Debug|x64
		{F0E7A560-98C7-4192-8BEE-FCBF960FE6C2}.Debug|x64.Build.0 = Debug|x64
		{F0E7A560-98C7-4192-8BEE-FCBF960FE6C2}.Debug|x86.ActiveCfg = Debug|Win32
		{F0E7A560-98C7-4192-8BEE-FCBF960FE6C2}.Debug|x86.Build.0 = Debug|Win32
		{F0E7A560-98C7-4192-8BEE-FCBF960FE6C2}.Release|x64.ActiveCfg = Release|x64
		{F0E7A560-98C7-4192-8BEE-FCBF960FE6C2}.Release|x64.Build.0 = Release|x64
		{F0E7A560-98C7-4192-8BEE-FCBF960FE6C2}.Release|x86.ActiveCfg = Release|Win32
		{F0E7A560-98C7-4192-8BEE-FCBF960FE6C2}.Release|x86.Build.0 = Release|Win32
		{37844AD8-35FB-41FB-82A9-7CE9D34E38DD}.Debug|x64.ActiveCfg = Debug|x64
		{37844AD8-35FB-41FB-82A9-7CE9D34E38DD}.Debug|x64.Build.0 = Debug|x64
		{37844AD8-35FB-41FB-82A9-7CE9D34E38DD}.Debug|x86.ActiveCfg = Debug|Win32
		{37844AD8-35FB-41FB-82A9-7CE9D34E38DD}.Debug|x86.Build.0 = Debug|Win32
		{37844AD8-35FB-41FB-82A9-7CE9D34E38DD}.Release|x64.ActiveCfg = Release|x64
		{37844AD8-35FB-41FB-82A9-7CE9D34E38DD}.Release|x64.Build.0 = Release|x64
		{37844AD8-35FB-41FB-82A9-7CE9D34E38DD}.Release|x86.ActiveCfg = Release|Win32
		{37844AD8-35FB-41FB-82A9-7CE9D34E38DD}.Release|x86.Build.0 = Release|Win32
		{11D9EFB5-20AA-4ABA-A94E-9E77B59DB03A}.Debug|x64.ActiveCfg = Debug|x64
		{11D9EFB5-20AA-4ABA-A94E-9E77B59DB03A}.Debug|x64.Build.0 = Debug|x64
		{11D9EFB5-20AA-4ABA-A94E-9E77B59DB03A}.Debug|x86.ActiveCfg = Debug|Win32
		{11D9EFB5-20AA-4ABA-A94E-9E77B59DB03A}.Debug|x86.Build.0 = Debug|Win32
		{11D9EFB5-20AA-4ABA-A94E-9E77B59DB03A}.Release|x64.ActiveCfg = Release|x64
		{11D9EFB5-20AA-4ABA-A94E-9E77B59DB03A}.Release|x64.Build.0 = Release|x64
		{11D9EFB5-20AA-4ABA-A94E-9E77B59DB03A}.Release|x86.ActiveCfg = Release|Win32
		{11D9EFB5-20AA-4ABA-A94E-9E77B59DB03A}.Release|x86.Build.0 = Release|Win32
		{646EB9DC-F856-490A-97BA-9C334BA897E1}.Debug|x64.ActiveCfg = Debug|x64
		{646EB9DC-F856-490A-97BA-9C334BA897E1}.Debug|x64.Build.0 = Debug|x64
		{646EB9DC-F856-490A-97BA-9C334BA897E1}.Debug|x86.ActiveCfg = Debug|Win32
		{646EB9DC-F856-490A-97BA-9C334BA897E1}.Debug|x86.Build.0 = Debug|Win32
		{646EB9DC-F856-490A-97BA-9C334BA897E1}.Release|x64.ActiveCfg = Release|x64
		{646EB9DC-F856-490A-97BA-9C334BA897E1}.Release|x64.Build.0 = Release|x64
		{646EB9DC-F856-490A-97BA-9C334BA897E1}.Release|x86.ActiveCfg = Release|Win32
		{646EB9DC-F856-490A-97BA-9C334BA897E1}.Release|x86.Build.0 = Release|Win32
		{85740B14-F92C-4993-9C38-40168A1120F3}.Debug|x64.ActiveCfg = Debug|x64
		{85740B14-F92C-4993-9C38-40168A1120F3}.Debug|x64.Build.0 = Debug|x64
		{85740B14-F92C-4993-9C38-40168A1120F3}.Debug|x86.ActiveCfg = Debug|Win32
		{85740B14-F92C-4993-9C38-40168A1120F3}.Debug|x86.Build.0 = Debug|Win32
		{85740B14-F92C-4993-9C38-40168A1120F3}.Release|x64.ActiveCfg = Release|x64
		{85740B14-F92C-4993-9C38-40168A1120F3}.Release|x64.Build.0 = Release|x64
		{85740B14-F92C-4993-9C38-40168A1120F3}.Release|x86.ActiveCfg = Release|Win32
		{85740B14-F92C-4993-9C38-40168A1120F3}.Release|x86.Build.0 = Release|Win32
		{461BC935-26C5-4B28-93DE-031940E650F2}.Debug|x64.ActiveCfg = Debug|x64
		{461BC935-26C5-4B28-93DE-031940E650F2}.Debug|x64.Build.0 = Debug|x64
		{461BC935-26C5-4B28-93DE-031940E650F2}.Debug|x86.ActiveCfg = Debug|Win32
		{461BC935-26C5-4B28-93DE-031940E650F2}.Debug|x86.Build.0 = Debug|Win32
		{461BC935-26C5-4B28-93DE-031940E650F2}.Release|x64.ActiveCfg = Release|x64
		{461BC935-26C5-4B28-93DE-031940E650F2}.Release|x64.Build.0 = Release|x64
		{461BC935-26C5-4B28-93DE-031940E650F2}.Release|x86.ActiveCfg = Release|Win32
		{461BC935-26C5-4B28-93DE-031940E650F2}.Release|x86.Build.0 = Release|Win32
		{49881EE2-26B9-4F0F-9FEC-C47FE56EAEFC}.Debug|x64.ActiveCfg = Debug|x64
		{49881EE2-26B9-4F0F-9FEC-C47FE56EAEFC}.Debug|x64.Build.0 = Debug|x64
		{49881EE2-26B9-4F0F-9FEC-C47FE56EAEFC}.Debug|x86.ActiveCfg = Debug|Win32
		{49881EE2-26B9-4F0F-9FEC-C47FE56EAEFC}.Debug|x86.Build.0 = Debug|Win32
		{49881EE2-26B9-4F0F-9FEC-C47FE56EAEFC}.Release|x64.ActiveCfg = Release|x64
		{49881EE2-26B9-4F0F-9FEC-C47FE56EAEFC}.Release|x64.Build.0 = Release|x64
		{49881EE2-26B9-4F0F-9FEC-C47FE56EAEFC}.Release|x86.ActiveCfg = Release|Win32
		{49881EE2-26B9-4F0F-9FEC-C47FE56EAEFC}.Release|x86.Build.0 = Release|Win32
		{C1FC9B69-2F0A-4F6F-967B-80D4943BF90A}.Debug|x64.ActiveCfg = Debug|x64
		{C1FC9B69-2F0A-4F6F-967B-80D4943BF90A}.Debug|x64.Build.0 = Debug|x64
		{C1FC9B69-2F0A-4F6F-967B-80D4943BF90A}.Debug|x86.ActiveCfg = Debug|Win32
		{C1FC9B69-2F0A-4F6F-967B-80D4943BF90A}.Debug|x86.Build.0 = Debug|Win32
		{C1FC9B69-2F0A-4F6F-967B-80D4943BF90A}.Release|x64.ActiveCfg = Release|x64
		{C1FC9B69-2F0A-4F6F-967B-80D4943BF90A}.Release|x64.Build.0 = Release|x64
		{C1FC9B69-2F0A-4F6F-967B-80D4943BF90A}.Release|x86.ActiveCfg = Release|Win32
		{C1FC9B69-2F0A-4F6F-967B-80D4943BF90A}.Release|x86.Build.0 = Release|Win32
		{DDA75EB3-052A-4E27-AD42-7A666E943091}.Debug|x64.ActiveCfg = Debug|x64
		{DDA75EB3-052A-4E27-AD42-7A666E943091}.Debug|x64.Build.0 = Debug|x64
		{DDA75EB3-052A-4E27-AD42-7A666E943091}.Debug|x86.ActiveCfg = Debug|Win32
		{DDA75EB3-052A-4E27-AD42-7A666E943091}.Debug|x86.Build.0 = Debug|Win32
		{DDA75EB3-052A-4E27-AD42-7A666E943091}.Release|x64.ActiveCfg = Release|x64
		{DDA75EB3-052A-4E27-AD42-7A666E943091}.Release|x64.Build.0 = Release|x64
		{DDA75EB3-052A-4E27-AD42-7A666E943091}.Release|x86.ActiveCfg = Release|Win32
		{DDA75EB3-052A-4E27-AD42-7A666E943091}.Release|x86.Build.0 = Release|Win32
		{736DD547-1E0F-42FA-9281-FE57207D7018}.Debug|x64.ActiveCfg = Debug|x64
		{736DD547-1E0F-42FA-9281-FE57207D7018}.Debug|x64.Build.0 = Debug|x64
		{736DD547-1E0F-42FA-9281-FE57207D7018}.Debug|x86.ActiveCfg = Debug|Win32
		{736DD547-1E0F-42FA-9281-FE57207D7018}.Debug|x86.Build.0 = Debug|Win32
		{736DD547-1E0F-42FA-9281-FE57207D7018}.Release|x64.ActiveCfg = Release|x64
		{736DD547-1E0F-42FA-9281-FE57207D7018}.Release|x64.Build.0 = Release|x64
		{736DD547-1E0F-42FA-9281-FE57207D7018}.Release|x86.ActiveCfg = Release|Win32
		{736DD547-1E0F-42FA-9281-FE57207D7018}.Release|x86.Build.0 = Release|Win32
		{6D972B29-3884-467E-A98C-25FDC93257A0}.Debug|x64.ActiveCfg = Debug|x64
		{6D972B29-3884-467E-A98C-25FDC93257A0}.Debug|x64.Build.0 = Debug|x64
		{6D972B29-3884-467E-A98C-25FDC93257A0}.Debug|x86.ActiveCfg = Debug|Win32
		{6D972B29-3884-467E-A98C-25FDC93257A0}.Debug|x86.Build.0 = Debug|Win32
		{6D972B29-3884-467E-A98C-25FDC93257A0}.Release|x64.ActiveCfg = Release|x64
		{6D972B29-3884-467E-A98C-25FDC93257A0}.Release|x64.Build.0 = Release|x64
		{6D972B29-3884-467E-A98C-25FDC93257A0}.Release|x86.ActiveCfg = Release|Win32
		{6D972B29-3884-467E-A98C-25FDC93257A0}.Release|x86.Build.0 = Release|Win32
		{FC75E6BC-0137-4759-B344-C855DA63684E}.Debug|x64.ActiveCfg = Debug|x64
		{FC75E6BC-0137-4759-B344-C855DA63684E}.Debug|x64.Build.0 = Debug|x64
		{FC75E6BC-0137-4759-B344-C855DA63684E}.Debug|x86.ActiveCfg = Debug|Win32
		{FC75E6BC-0137-4759-B344-C855DA63684E}.Debug|x86.Build.0 = Debug|Win32
		{FC75E6BC-0137-4759-B344-C855DA63684E}.Release|x64.ActiveCfg = Release|x64
		{FC75E6BC-0137-4759-B344-C855DA63684E}.Release|x64.Build.0 = Release|x64
		{FC75E6BC-0137-4759-B344-C855DA63684E}.Release|x86.ActiveCfg = Release|Win32
		{FC75E6BC-0137-4759-B344-C855DA63684E}.Release|x86.Build.0 = Release|Win32
		{7107CBE3-F8A0-4799-AE9F-8478D4A279ED}.Debug|x64.ActiveCfg = Debug|x64
		{7107CBE3-F8A0-4799-AE9F-8478D4A279ED}.Debug|x64.Build.0 = Debug|x64
		{7107CBE3-F8A0-4799-AE9F-8478D4A279ED}.Debug|x86.ActiveCfg = Debug|Win32
		{7107CBE3-F8A0-4799-AE9F-8478D4A279ED}.Debug|x86.Build.0 = Debug|Win32
		{7107CBE3-F8A0-4799-AE9F-8478D4A279ED}.Release|x64.ActiveCfg = Release|x64
		{7107CBE3-F8A0-4799-AE9F-8478D4A279ED}.Release|x64.Build.0 = Release|x64
		{7107CBE3-F8A0-4799-AE9F-8478D4A279ED}.Release|x86.ActiveCfg = Release|Win32
		{7107CBE3-F8A0-4799-AE9F-8478D4A279ED}.Release|x86.Build.0 = Release|Win32
		{7A2C8919-DCCC-4A53-B494-8AC012736CFA}.Debug|x64.ActiveCfg = Debug|x64
		{7A2C8919-DCCC-4A53-B494-8AC012736CFA}.Debug|x64.Build.0 = Debug|x64
		{7A2C8919-DCCC-4A53-B494-8AC012736CFA}.Debug|x86.ActiveCfg = Debug|Win32
		{7A2C8919-DCCC-4A53-B494-8AC012736CFA}.Debug|x86.Build.0 = Debug|Win32
		{7A2C8919-DCCC-4A53-B494-8AC012736CFA}.Release|x64.ActiveCfg = Release|x64
		{7A2C8919-DCCC-4A53-B494-8AC012736CFA}.Release|x64.Build.0 = Release|x64
		{7A2C8919-DCCC-4A53-B494-8AC012736CFA}.Release|x86.ActiveCfg = Release|Win32
		{7A2C8919-DCCC-4A53-B494-8AC012736CFA}.Release|x86.Build.0 = Release|Win32
		{7F6DBF29-8404-4712-8669-3B4E82D0DEB1}.Debug|x64.ActiveCfg = Debug|x64
		{7F6DBF29-8404-4712-8669-3B4E82D0DEB1}.Debug|x64.Build.0 = Debug|x64
		{7F6DBF29-8404-4712-8669-3B4E82D0DEB1}.Debug|x86.ActiveCfg = Debug|Win32
		{7F6DBF29-8404-4712-8669-3B4E82D0DEB1}.Debug|x86.Build.0 = Debug|Win32
		{7F6DBF29-8404-4712-8669-3B4E82D0DEB1}.Release|x64.ActiveCfg = Release|x64
		{7F6DBF29-8404-4712-8669-3B4E82D0DEB1}.Release|x64.Build.0 = Release|x64
		{7F6DBF29-8404-4712-8669-3B4E82D0DEB1}.Release|x86.ActiveCfg = Release|Win32
		{7F6DBF29-8404-4712-8669-3B4E82D0DEB1}.Release|x86.Build.0 = Release|Win32
		{3B827F14-E541-4582-AD5A-A767E7BEFC17}.Debug|x64.ActiveCfg = Debug|x64
		{3B827F14-E541-4582-AD5A-A767E7BEFC17}.Debug|x64.Build.0 = Debug|x64
		{3B827F14-E541-4582-AD5A-A767E7BEFC17}.Debug|x86.ActiveCfg = Debug|Win32
		{3B827F14-E541-4582-AD5A-A767E7BEFC17}.Debug|x86.Build.0 = Debug|Win32
		{3B827F14-E541-4582-AD5A-A767E7BEFC17}.Release|x64.ActiveCfg = Release|x64
		{3B827F14-E541-4582-AD5A-A767E7BEFC17}.Release|x64.Build.0 = Release|x64
		{3B827F14-E541-4582-AD5A-A767E7BEFC17}.Release|x86.ActiveCfg = Release|Win32
		{3B827F14-E541-4582-AD5A-A767E7BEFC17}.Release|x86.Build.0 = Release|Win32
		{AD92B494-A62C-45FD-A980-772756F302BC}.Debug|x64.ActiveCfg = Debug|x64
		{AD92B494-A62C-45FD-A980-772756F302BC}.Debug|x64.Build.0 = Debug|x64
		{AD92B494-A62C-45FD-A980-772756F302BC}.Debug|x86.ActiveCfg = Debug|Win32
		{AD92B494-A62C-45FD-A980-772756F302BC}.Debug|x86.Build.0 = Debug|Win32
		{AD92B494-A62C-45FD-A980-772756F302BC}.Release|x64.ActiveCfg = Release|x64
		{AD92B494-A62C-45FD-A980-772756F302BC}.Release|x64.Build.0 = Release|x64
		{AD92B494-A62C-45FD-A980-772756F302BC}.Release|x86.ActiveCfg = Release|Win32
		{AD92B494-A62C-45FD-A980-772756F302BC}.Release|x86.Build.0 = Release|Win32
		{A2416C74-8832-4288-8F0F-EB6734C75762}.Debug|x64.ActiveCfg = Debug|x64
		{A2416C74-8832-4288-8F0F-EB6734C75762}.Debug|x64.Build.0 = Debug|x64
		{A2416C74-8832-4288-8F0F-EB6734C75762}.Debug|x86.ActiveCfg = Debug|Win32
		{A2416C74-8832-4288-8F0F-EB6734C75762}.Debug|x86.Build.0 = Debug|Win32
		{A2416C74-8832-4288-8F0F-EB6734C75762}.Release|x64.ActiveCfg = Release|x64
		{A2416C74-8832-4288-8F0F-EB6734C75762}.Release|x64.Build.0 = Release|x64
		{A2416C74-8832-4288-8F0F-EB6734C75762}.Release|x86.ActiveCfg = Release|Win32
		{A2416C74-8832-4288-8F0F-EB6734C75762}.Release|x86.Build.0 = Release|Win32
		{48A65C12-5923-4896-AC24-23FAB0508AF9}.Debug|x64.ActiveCfg = Debug|x64
		{48A65C12-5923-4896-AC24-23FAB0508AF9}.Debug|x64.Build.0 = Debug|x64
		{48A65C12-5923-4896-AC24-23FAB0508AF9}.Debug|x86.ActiveCfg = Debug|Win32
		{48A65C12-5923-4896-AC24-23FAB0508AF9}.Debug|x86.Build.0 = Debug|Win32
		{48A65C12-5923-4896-AC24-23FAB0508AF9}.Release|x64.ActiveCfg = Release|x64
		{48A65C12-5923-4896-AC24-23FAB0508AF9}.Release|x64.Build.0 = Release|x64
		{48A65C12-5923-4896-AC24-23FAB0508AF9}.Release|x86.ActiveCfg = Release|Win32
		{48A65C12-5923-4896-AC24-23FAB0508AF9}.Release|x86.Build.0 = Release|Win32
		{5D00DFC0-2B23-4484-AABD-CE0E4E2FDD2D}.Debug|x64.ActiveCfg = Debug|x64
		{5D00DFC0-2B23-4484-AABD-CE0E4E2FDD2D}.Debug|x64.Build.0 = Debug|x64
		{5D00DFC0-2B23-4484-AABD-CE0E4E2FDD2D}.Debug|x86.ActiveCfg = Debug|Win32
		{5D00DFC0-2B23-4484-AABD-CE0E4E2FDD2D}.Debug|x86.Build.0 = Debug|Win32
		{5D00DFC0-2B23-4484-AABD-CE0E4E2FDD2D}.Release|x64.ActiveCfg = Release|x64
		{5D00DFC0-2B23-4484-AABD-CE0E4E2FDD2D}.Release|x64.Build.0 = Release|x64
		{5D00DFC0-2B23-4484-AABD-CE0E4E2FDD2D}.Release|x86.ActiveCfg = Release|Win32
		{5D00DFC0-2B23-4484-AABD-CE0E4E2FDD2D}.Release|x86.Build.0 = Release|Win32
		{5EA1F0AE-49CA-4DFB-8623-4FD965179C9F}.Debug|x64.ActiveCfg = Debug|x64
		{5EA1F0AE-49CA-4DFB-8623-4FD965179C9F}.Debug|x64.Build.0 = Debug|x64
		{5EA1F0AE-49CA-4DFB-8623-4FD965179C9F}.Debug|x86.ActiveCfg = Debug|Win32
		{5EA1F0AE-49CA-4DFB-8623-4FD965179C9F}.Debug|x86.Build.0 = Debug|Win32
		{5EA1F0AE-49CA-4DFB-8623-4FD965179C9F}.Release|x64.ActiveCfg = Release|x64
		{5EA1F0AE-49CA-4DFB-8623-4FD965179C9F}.Release|x64.Build.0 = Release|x64
		{5EA1F0AE-49CA-4DFB-8623-4FD965179C9F}.Release|x86.ActiveCfg = Release|Win32
		{5EA1F0AE-49CA-4DFB-8623-4FD965179C9F}.Release|x86.Build.0 = Release|Win32
		{ACC9DFE2-8003-4F14-AA9F-469ACB2A1005}.Debug|x64.ActiveCfg = Debug|x64
		{ACC9DFE2-8003-4F14-AA9F-469ACB2A1005}.Debug|x64.Build.0 = Debug|x64
		{ACC9DFE2-8003-4F14-AA9F-469ACB2A1005}.Debug|x86.ActiveCfg = Debug|Win32
		{ACC9DFE2-8003-4F14-AA9F-469ACB2A1005}.Debug|x86.Build.0 = Debug|Win32
		{ACC9DFE2-8003-4F14-AA9F-469ACB2A1005}.Release|x64.ActiveCfg = Release|x64
		{ACC9DFE2-8003-4F14-AA9F-469ACB2A1005}.Release|x64.Build.0 = Release|x64
		{ACC9DFE2-8003-4F14-AA9F-469ACB2A1005}.Release|x86.ActiveCfg = Release|Win32
		{ACC9DFE2-8003-4F14-AA9F-469ACB2A1005}.Release|x86.Build.0 = Release|Win32
		{840BAB5D-E586-4B12-8286-19D233F199BB}.Debug|x64.ActiveCfg = Debug|x64
		{840BAB5D-E586-4B12-8286-19D233F199BB}.Debug|x64.Build.0 = Debug|x64
		{840BAB5D-E586-4B12-8286-19D233F199BB}.Debug|x86.ActiveCfg = Debug|Win32
		{840BAB5D-E586-4B12-8286-19D233F199BB}.Debug|x86.Build.0 = Debug|Win32
		{840BAB5D-E586-4B12-8286-19D233F199BB}.Release|x64.ActiveCfg = Release|x64
		{840BAB5D-E586-4B12-8286-19D233F199BB}.Release|x64.Build.0 = Release|x64
		{840BAB5D-E586-4B12-8286-19D233F199BB}.Release|x86.ActiveCfg = Release|Win32
		{840BAB5D-E586-4B12-8286-19D233F199BB}.Release|x86.Build.0 = Release|Win32
		{19ECAC39-360B-4A4A-A4E1-920ABCAE3896}.Debug|x64.ActiveCfg = Debug|x64
		{19ECAC39-360B-4A4A-A4E1-920ABCAE3896}.Debug|x64.Build.0 = Debug|x64
		{19ECAC39-360B-4A4A-A4E1-920ABCAE3896}.Debug|x86.ActiveCfg = Debug|Win32
		{19ECAC39-360B-4A4A-A4E1-920ABCAE3896}.Debug|x86.Build.0 = Debug|Win32
		{19ECAC39-360B-4A4A-A4E1-920ABCAE3896}.Release|x64.ActiveCfg = Release|x64
		{19ECAC39-360B-4A4A-A4E1-920ABCAE3896}.Release|x64.Build.0 = Release|x64
		{19ECAC39-360B-4A4A-A4E1-920ABCAE3896}.Release|x86.ActiveCfg = Release|Win32
		{19ECAC39-360B-4A4A-A4E1-920ABCAE3896}.Release|x86.Build.0 = Release|Win32
		{28BB07A0-AB58-4E0C-8A1E-C2E4D88F0F58}.Debug|x64.ActiveCfg = Debug|x64
		{28BB07A0-AB58-4E0C-8A1E-C2E4D88F0F58}.Debug|x64.Build.0 = Debug|x64
		{28BB07A0-AB58-4E0C-8A1E-C2E4D88F0F58}.Debug|x86.ActiveCfg = Debug|Win32
		{28BB07A0-AB58-4E0C-8A1E-C2E4D88F0F58}.Debug|x86.Build.0 = Debug|Win32
		{28BB07A0-AB58-4E0C-8A1E-C2E4D88F0F58}.Release|x64.ActiveCfg = Release|x64
		{28BB07A0-AB58-4E0C-8A1E-C2E4D88F0F58}.Release|x64.Build.0 = Release|x64
		{28BB07A0-AB58-4E0C-8A1E-C2E4D88F0F58}.Release|x86.ActiveCfg = Release|Win32
		{28BB07A0-AB58-4E0C-8A1E-C2E4D88F0F58}.Release|x86.Build.0 = Release|Win32
		{2710E91B-AE28-437D-9BF9-ADBF0EB4756B}.Debug|x64.ActiveCfg = Debug|x64
		{2710E91B-AE28-437D-9BF9-ADBF0EB4756B}.Debug|x64.Build.0 = Debug|x64
		{2710E91B-AE28-437D-9BF9-ADBF0EB4756B}.Debug|x86.ActiveCfg = Debug|Win32
		{2710E91B-AE28-437D-9BF9-ADBF0EB4756B}.Debug|x86.Build.0 = Debug|Win32
		{2710E91B-AE28-437D-9BF9-ADBF0EB4756B}.Release|x64.ActiveCfg = Release|x64
		{2710E91B-AE28-437D-9BF9-ADBF0EB4756B}.Release|x64.Build.0 = Release|x64
		{2710E91B-AE28-437D-9BF9-ADBF0EB4756B}.Release|x86.ActiveCfg = Release|Win32
		{2710E91B-AE28-437D-9BF9-ADBF0EB4756B}.Release|x86.Build.0 = Release|Win32
		{1BB085EE-9240-4C6F-8C27-134C17810AF9}.Debug|x64.ActiveCfg = Debug|x64
		{1BB085EE-9240-4C6F-8C27-134C17810AF9}.Debug|x64.Build.0 = Debug|x64
		{1BB085EE-9240-4C6F-8C27-134C17810AF9}.Debug|x86.ActiveCfg = Debug|Win32
		{1BB085EE-9240-4C6F-8C27-134C17810AF9}.Debug|x86.Build.0 = Debug|Win32
		{1BB085EE-9240-4C6F-8C27-134C17810AF9}.Release|x64.ActiveCfg = Release|x64
		{1BB085EE-9240-4C6F-8C27-134C17810AF9}.Release|x64.Build.0 = Release|x64
		{1BB085EE-9240-4C6F-8C27-134C17810AF9}.Release|x86.ActiveCfg = Release|Win32
		{1BB085EE-9240-4C6F-8C27-134C17810AF9}.Release|x86.Build.0 = Release|Win32
		{398DF179-BE4F-4B05-87DD-8D7C00EBDE34}.Debug|x64.ActiveCfg = Debug|x64
		{398DF179-BE4F-4B05-87DD-8D7C00EBDE34}.Debug|x64.Build.0 = Debug|x64
		{398DF179-BE4F-4B05-87DD-8D7C00EBDE34}.Debug|x86.ActiveCfg = Debug|Win32
		{398DF179-BE4F-4B05-87DD-8D7C00EBDE34}.Debug|x86.Build.0 = Debug|Win32
		{398DF179-BE4F-4B05-87DD-8D7C00EBDE34}.Release|x64.ActiveCfg = Release|x64
		{398DF179-BE4F-4B05-87DD-8D7C00EBDE34}.Release|x64.Build.0 = Release|x64
		{398DF179-BE4F-4B05-87DD-8D7C00EBDE34}.Release|x86.ActiveCfg = Release|Win32
		{398DF179-BE4F-4B05-87DD-8D7C00EBDE34}.Release|x86.Build.0 = Release|Win32
		{8EBA9707-4ADD-4A5A-BBD1-C7B2D872A103}.Debug|x64.ActiveCfg = Debug|x64
		{8EBA9707-4ADD-4A5A-BBD1-C7B2D872A103}.Debug|x64.Build.0 = Debug|x64
		{8EBA9707-4ADD-4A5A-BBD1-C7B2D872A103}.Debug|x86.ActiveCfg = Debug|Win32
		{8EBA9707-4ADD-4A5A-BBD1-C7B2D872A103}.Debug|x86.Build.0 = Debug|Win32
		{8EBA9707-4ADD-4A5A-BBD1-C7B2D872A103}.Release|x64.ActiveCfg = Release|x64
		{8EBA9707-4ADD-4A5A-BBD1-C7B2D872A103}.Release|x64.Build.0 = Release|x64
		{8EBA9707-4ADD-4A5A-BBD1-C7B2D872A103}.Release|x86.ActiveCfg = Release|Win32
		{8EBA9707-4ADD-4A5A-BBD1-C7B2D872A103}.Release|x86.Build.0 = Release|Win32
		{595EFAFB-32D0-4C03-9A7A-0109AA96F938}.Debug|x64.ActiveCfg = Debug|x64
		{595EFAFB-32D0-4C03-9A7A-0109AA96F938}.Debug|x64.Build.0 = Debug|x64
		{595EFAFB-32D0-4C03-9A7A-0109AA96F938}.Debug|x86.ActiveCfg = Debug|Win32
		{595EFAFB-32D0-4C03-9A7A-0109AA96F938}.Debug|x86.Build.0 = Debug|Win32
		{595EFAFB-32D0-4C03-9A7A-0109AA96F938}.Release|x64.ActiveCfg = Release|x64
		{595EFAFB-32D0-4C03-9A7A-0109AA96F938}.Release|x64.Build.0 = Release|x64
		{595EFAFB-32D0-4C03-9A7A-0109AA96F938}.Release|x86.ActiveCfg = Release|Win32
		{595EFAFB-32D0-4C03-9A7A-0109AA96F938}.Release|x86.Build.0 = Release|Win32
		{E576DDC2-AE35-49DE-95F4-E25948D4B87B}.Debug|x64.ActiveCfg = Debug|x64
		{E576DDC2-AE35-49DE-95F4-E25948D4B87B}.Debug|x64.Build.0 = Debug|x64
		{E576DDC2-AE35-49DE-95F4-E25948D4B87B}.Debug|x86.ActiveCfg = Debug|Win32
		{E576DDC2-AE35-49DE-95F4-E25948D4B87B}.Debug|x86.Build.0 = Debug|Win32
		{E576DDC2-AE35-49DE-95F4-E25948D4B87B}.Release|x64.ActiveCfg = Release|x64
		{E576DDC2-AE35-49DE-95F4-E25948D4B87B}.Release|x64.Build.0 = Release|x64
		{E576DDC2-AE35-49DE-95F4-E25948D4B87B}.Release|x86.ActiveCfg = Release|Win32
		{E576DDC2-AE35-49DE-95F4-E25948D4B87B}.Release|x86.Build.0 = Release|Win32
		{31AC3B28-0638-4271-B267-68C0100C8442}.Debug|x64.ActiveCfg = Debug|x64
		{31AC3B28-0638-4271-B267-68C0100C8442}.Debug|x64.Build.0 = Debug|x64
		{31AC3B28-0638-4271-B267-68C0100C8442}.Debug|x86.ActiveCfg = Debug|Win32
		{31AC3B28-0638-4271-B267-68C0100C8442}.Debug|x86.Build.0 = Debug|Win32
		{31AC3B28-0638-4271-B267-68C0100C8442}.Release|x64.ActiveCfg = Release|x64
		{31AC3B28-0638-4271-B267-68C0100C8442}.Release|x64.Build.0 = Release|x64
		{31AC3B28-0638-4271-B267-68C0100C8442}.Release|x86.ActiveCfg = Release|Win32
		{31AC3B28-0638-4271-B267-68C0100C8442}.Release|x86.Build.0 = Release|Win32
		{6E19F3F3-AF62-4BD1-BD80-882DB9CABDD5}.Debug|x64.ActiveCfg = Debug|x64
		{6E19F3F3-AF62-4BD1-BD80-882DB9CABDD5}.Debug|x64.Build.0 = Debug|x64
		{6E19F3F3-AF62-4BD1-BD80-882DB9CABDD5}.Debug|x86.ActiveCfg = Debug|Win32
		{6E19F3F3-AF62-4BD1-BD80-882DB9CABDD5}.Debug|x86.Build.0 = Debug|Win32
		{6E19F3F3-AF62-4BD1-BD80-882DB9CABDD5}.Release|x64.ActiveCfg = Release|x64
		{6E19F3F3-AF62-4BD1-BD80-882DB9CABDD5}.Release|x64.Build.0 = Release|x64
		{6E19F3F3-AF62-4BD1-BD80-882DB9CABDD5}.Release|x86.ActiveCfg = Release|Win32
		{6E19F3F3-AF62-4BD1-BD80-882DB9CABDD5}.Release|x86.Build.0 = Release|Win32
		{77DE009D-DC91-4DFD-92DB-C3BFB32CF187}.Debug|x64.ActiveCfg = Debug|x64
		{77DE009D-DC91-4DFD-92DB-C3BFB32CF187}.Debug|x64.Build.0 = Debug|x64
		{77DE009D-DC91-4DFD-92DB-C3BFB32CF187}.Debug|x86.ActiveCfg = Debug|Win32
		{77DE009D-DC91-4DFD-92DB-C3BFB32CF187}.Debug|x86.Build.0 = Debug|Win32
		{77DE009D-DC91-4DFD-92DB-C3BFB32CF187}.Release|x64.ActiveCfg = Release|x64
		{77DE009D-DC91-4DFD-92DB-C3BFB32CF187}.Release|x64.Build.0 = Release|x64
		{77DE009D-DC91-4DFD-92DB-C3BFB32CF187}.Release|x86.ActiveCfg = Release|Win32
		{77DE009D-DC91-4DFD-92DB-C3BFB32CF187}.Release|x86.Build.0 = Release|Win32
		{EC2FFE02-4A1C-47EA-A9AD-C0C79C1E468F}.Debug|x64.ActiveCfg = Debug|x64
		{EC2FFE02-4A1C-47EA-A9AD-C0C79C1E468F}.Debug|x64.Build.0 = Debug|x64
		{EC2FFE02-4A1C-47EA-A9AD-C0C79C1E468F}.Debug|x86.ActiveCfg = Debug|Win32
		{EC2FFE02-4A1C-47EA-A9AD-C0C79C1E468F}.Debug|x86.Build.0 = Debug|Win32
		{EC2FFE02-4A1C-47EA-A9AD-C0C79C1E468F}.Release|x64.ActiveCfg = Release|x64
		{EC2FFE02-4A1C-47EA-A9AD-C0C79C1E468F}.Release|x64.Build.0 = Release|x64
		{EC2FFE02-4A1C-47EA-A9AD-C0C79C1E468F}.Release|x86.ActiveCfg = Release|Win32
		{EC2FFE02-4A1C-47EA-A9AD-C0C79C1E468F}.Release|x86.Build.0 = Release|Win32
	EndGlobalSection
	GlobalSection(SolutionProperties) = preSolution
		HideSolutionNode = FALSE
	EndGlobalSection
	GlobalSection(NestedProjects) = preSolution
		{C038D0AC-FAB9-44C7-B1BF-A838C3AF65B7} = {7DBCA76F-9B1C-44FE-88EF-A4081158F6AD}
		{99DF6FF9-7EFB-42F7-A318-B96E9986E279} = {7DBCA76F-9B1C-44FE-88EF-A4081158F6AD}
		{8D0EFF0D-9F13-498B-B8FB-7673CF000617} = {7DBCA76F-9B1C-44FE-88EF-A4081158F6AD}
		{F0E7A560-98C7-4192-8BEE-FCBF960FE6C2} = {7DBCA76F-9B1C-44FE-88EF-A4081158F6AD}
		{37844AD8-35FB-41FB-82A9-7CE9D34E38DD} = {7DBCA76F-9B1C-44FE-88EF-A4081158F6AD}
		{11D9EFB5-20AA-4ABA-A94E-9E77B59DB03A} = {7DBCA76F-9B1C-44FE-88EF-A4081158F6AD}
		{646EB9DC-F856-490A-97BA-9C334BA897E1} = {7DBCA76F-9B1C-44FE-88EF-A4081158F6AD}
		{85740B14-F92C-4993-9C38-40168A1120F3} = {7DBCA76F-9B1C-44FE-88EF-A4081158F6AD}
		{461BC935-26C5-4B28-93DE-031940E650F2} = {67762FFA-4354-4A75-9D21-F595D61EAA6B}
		{49881EE2-26B9-4F0F-9FEC-C47FE56EAEFC} = {67762FFA-4354-4A75-9D21-F595D61EAA6B}
		{C1FC9B69-2F0A-4F6F-967B-80D4943BF90A} = {67762FFA-4354-4A75-9D21-F595D61EAA6B}
		{DDA75EB3-052A-4E27-AD42-7A666E943091} = {67762FFA-4354-4A75-9D21-F595D61EAA6B}
		{736DD547-1E0F-42FA-9281-FE57207D7018} = {67762FFA-4354-4A75-9D21-F595D61EAA6B}
		{6D972B29-3884-467E-A98C-25FDC93257A0} = {67762FFA-4354-4A75-9D21-F595D61EAA6B}
		{FC75E6BC-0137-4759-B344-C855DA63684E} = {11D64E5B-5392-4A0D-AEFE-284B84024F08}
		{7107CBE3-F8A0-4799-AE9F-8478D4A279ED} = {11D64E5B-5392-4A0D-AEFE-284B84024F08}
		{7A2C8919-DCCC-4A53-B494-8AC012736CFA} = {11D64E5B-5392-4A0D-AEFE-284B84024F08}
		{7F6DBF29-8404-4712-8669-3B4E82D0DEB1} = {11D64E5B-5392-4A0D-AEFE-284B84024F08}
		{3B827F14-E541-4582-AD5A-A767E7BEFC17} = {11D64E5B-5392-4A0D-AEFE-284B84024F08}
		{AD92B494-A62C-45FD-A980-772756F302BC} = {11D64E5B-5392-4A0D-AEFE-284B84024F08}
		{A2416C74-8832-4288-8F0F-EB6734C75762} = {56EA3006-0328-4B9A-8953-74768D5704F5}
		{48A65C12-5923-4896-AC24-23FAB0508AF9} = {56EA3006-0328-4B9A-8953-74768D5704F5}
		{5D00DFC0-2B23-4484-AABD-CE0E4E2FDD2D} = {56EA3006-0328-4B9A-8953-74768D5704F5}
		{5EA1F0AE-49CA-4DFB-8623-4FD965179C9F} = {56EA3006-0328-4B9A-8953-74768D5704F5}
		{ACC9DFE2-8003-4F14-AA9F-469ACB2A1005} = {56EA3006-0328-4B9A-8953-74768D5704F5}
		{840BAB5D-E586-4B12-8286-19D233F199BB} = {56EA3006-0328-4B9A-8953-74768D5704F5}
		{19ECAC39-360B-4A4A-A4E1-920ABCAE3896} = {56EA3006-0328-4B9A-8953-74768D5704F5}
		{28BB07A0-AB58-4E0C-8A1E-C2E4D88F0F58} = {56EA3006-0328-4B9A-8953-74768D5704F5}
		{2710E91B-AE28-437D-9BF9-ADBF0EB4756B} = {2C01B021-1D62-4E3D-88CA-57BA156CEFE6}
		{1BB085EE-9240-4C6F-8C27-134C17810AF9} = {2C01B021-1D62-4E3D-88CA-57BA156CEFE6}
		{398DF179-BE4F-4B05-87DD-8D7C00EBDE34} = {2C01B021-1D62-4E3D-88CA-57BA156CEFE6}
		{8EBA9707-4ADD-4A5A-BBD1-C7B2D872A103} = {2C01B021-1D62-4E3D-88CA-57BA156CEFE6}
		{595EFAFB-32D0-4C03-9A7A-0109AA96F938} = {2C01B021-1D62-4E3D-88CA-57BA156CEFE6}
		{E576DDC2-AE35-49DE-95F4-E25948D4B87B} = {2C01B021-1D62-4E3D-88CA-57BA156CEFE6}
		{31AC3B28-0638-4271-B267-68C0100C8442} = {FC1F7282-15BE-421A-859D-86B52C450876}
		{6E19F3F3-AF62-4BD1-BD80-882DB9CABDD5} = {FC1F7282-15BE-421A-859D-86B52C450876}
		{77DE009D-DC91-4DFD-92DB-C3BFB32CF187} = {FC1F7282-15BE-421A-859D-86B52C450876}
		{EC2FFE02-4A1C-47EA-A9AD-C0C79C1E468F} = {FC1F7282-15BE-421A-859D-86B52C450876}
	EndGlobalSection
	GlobalSection(ExtensibilityGlobals) = postSolution
		SolutionGuid = {7EBA6E55-C3F5-4C42-8D7D-2689469B7853}
	EndGlobalSection
EndGlobal
