
Microsoft Visual Studio Solution File, Format Version 12.00
# Visual Studio Version 16
VisualStudioVersion = 16.0.31402.337
MinimumVisualStudioVersion = 10.0.40219.1
Project("{2150E333-8FDC-42A3-9474-1A3956D46DE8}") = "Chapter04", "Chapter04", "{7DBCA76F-9B1C-44FE-88EF-A4081158F6AD}"
	ProjectSection(SolutionItems) = preProject
		Chapter04\README.md = Chapter04\README.md
	EndProjectSection
EndProject
Project("{8BC9CEB8-8B4A-11D0-8D11-00A0C91BC942}") = "ArrayRead", "Chapter04\ArrayRead\ArrayRead.vcxproj", "{C038D0AC-FAB9-44C7-B1BF-A838C3AF65B7}"
EndProject
Project("{2150E333-8FDC-42A3-9474-1A3956D46DE8}") = "Solution Items", "Solution Items", "{48F4AAE2-165E-4225-8B62-292C79897864}"
	ProjectSection(SolutionItems) = preProject
		README.md = README.md
	EndProjectSection
EndProject
Project("{8BC9CEB8-8B4A-11D0-8D11-00A0C91BC942}") = "LinkedRead", "Chapter04\LinkedRead\LinkedRead.vcxproj", "{99DF6FF9-7EFB-42F7-A318-B96E9986E279}"
EndProject
Project("{8BC9CEB8-8B4A-11D0-8D11-00A0C91BC942}") = "ex04-1", "Chapter04\ex04-1\ex04-1.vcxproj", "{8D0EFF0D-9F13-498B-B8FB-7673CF000617}"
EndProject
Project("{8BC9CEB8-8B4A-11D0-8D11-00A0C91BC942}") = "DLinkedListLibrary", "Chapter04\DLinkedListLibrary\DLinkedListLibrary.vcxproj", "{F0E7A560-98C7-4192-8BEE-FCBF960FE6C2}"
EndProject
Project("{8BC9CEB8-8B4A-11D0-8D11-00A0C91BC942}") = "DLinkedListMain", "Chapter04\DLinkedListMain\DLinkedListMain.vcxproj", "{37844AD8-35FB-41FB-82A9-7CE9D34E38DD}"
	ProjectSection(ProjectDependencies) = postProject
		{F0E7A560-98C7-4192-8BEE-FCBF960FE6C2} = {F0E7A560-98C7-4192-8BEE-FCBF960FE6C2}
	EndProjectSection
EndProject
Project("{8BC9CEB8-8B4A-11D0-8D11-00A0C91BC942}") = "ex04-2", "Chapter04\ex04-2\ex04-2.vcxproj", "{11D9EFB5-20AA-4ABA-A94E-9E77B59DB03A}"
EndProject
Global
	GlobalSection(SolutionConfigurationPlatforms) = preSolution
		Debug|x64 = Debug|x64
		Debug|x86 = Debug|x86
		Release|x64 = Release|x64
		Release|x86 = Release|x86
	EndGlobalSection
	GlobalSection(ProjectConfigurationPlatforms) = postSolution
		{C038D0AC-FAB9-44C7-B1BF-A838C3AF65B7}.Debug|x64.ActiveCfg = Debug|x64
		{C038D0AC-FAB9-44C7-B1BF-A838C3AF65B7}.Debug|x64.Build.0 = Debug|x64
		{C038D0AC-FAB9-44C7-B1BF-A838C3AF65B7}.Debug|x86.ActiveCfg = Debug|Win32
		{C038D0AC-FAB9-44C7-B1BF-A838C3AF65B7}.Debug|x86.Build.0 = Debug|Win32
		{C038D0AC-FAB9-44C7-B1BF-A838C3AF65B7}.Release|x64.ActiveCfg = Release|x64
		{C038D0AC-FAB9-44C7-B1BF-A838C3AF65B7}.Release|x64.Build.0 = Release|x64
		{C038D0AC-FAB9-44C7-B1BF-A838C3AF65B7}.Release|x86.ActiveCfg = Release|Win32
		{C038D0AC-FAB9-44C7-B1BF-A838C3AF65B7}.Release|x86.Build.0 = Release|Win32
		{99DF6FF9-7EFB-42F7-A318-B96E9986E279}.Debug|x64.ActiveCfg = Debug|x64
		{99DF6FF9-7EFB-42F7-A318-B96E9986E279}.Debug|x64.Build.0 = Debug|x64
		{99DF6FF9-7EFB-42F7-A318-B96E9986E279}.Debug|x86.ActiveCfg = Debug|Win32
		{99DF6FF9-7EFB-42F7-A318-B96E9986E279}.Debug|x86.Build.0 = Debug|Win32
		{99DF6FF9-7EFB-42F7-A318-B96E9986E279}.Release|x64.ActiveCfg = Release|x64
		{99DF6FF9-7EFB-42F7-A318-B96E9986E279}.Release|x64.Build.0 = Release|x64
		{99DF6FF9-7EFB-42F7-A318-B96E9986E279}.Release|x86.ActiveCfg = Release|Win32
		{99DF6FF9-7EFB-42F7-A318-B96E9986E279}.Release|x86.Build.0 = Release|Win32
		{8D0EFF0D-9F13-498B-B8FB-7673CF000617}.Debug|x64.ActiveCfg = Debug|x64
		{8D0EFF0D-9F13-498B-B8FB-7673CF000617}.Debug|x64.Build.0 = Debug|x64
		{8D0EFF0D-9F13-498B-B8FB-7673CF000617}.Debug|x86.ActiveCfg = Debug|Win32
		{8D0EFF0D-9F13-498B-B8FB-7673CF000617}.Debug|x86.Build.0 = Debug|Win32
		{8D0EFF0D-9F13-498B-B8FB-7673CF000617}.Release|x64.ActiveCfg = Release|x64
		{8D0EFF0D-9F13-498B-B8FB-7673CF000617}.Release|x64.Build.0 = Release|x64
		{8D0EFF0D-9F13-498B-B8FB-7673CF000617}.Release|x86.ActiveCfg = Release|Win32
		{8D0EFF0D-9F13-498B-B8FB-7673CF000617}.Release|x86.Build.0 = Release|Win32
		{F0E7A560-98C7-4192-8BEE-FCBF960FE6C2}.Debug|x64.ActiveCfg = Debug|x64
		{F0E7A560-98C7-4192-8BEE-FCBF960FE6C2}.Debug|x64.Build.0 = Debug|x64
		{F0E7A560-98C7-4192-8BEE-FCBF960FE6C2}.Debug|x86.ActiveCfg = Debug|Win32
		{F0E7A560-98C7-4192-8BEE-FCBF960FE6C2}.Debug|x86.Build.0 = Debug|Win32
		{F0E7A560-98C7-4192-8BEE-FCBF960FE6C2}.Release|x64.ActiveCfg = Release|x64
		{F0E7A560-98C7-4192-8BEE-FCBF960FE6C2}.Release|x64.Build.0 = Release|x64
		{F0E7A560-98C7-4192-8BEE-FCBF960FE6C2}.Release|x86.ActiveCfg = Release|Win32
		{F0E7A560-98C7-4192-8BEE-FCBF960FE6C2}.Release|x86.Build.0 = Release|Win32
		{37844AD8-35FB-41FB-82A9-7CE9D34E38DD}.Debug|x64.ActiveCfg = Debug|x64
		{37844AD8-35FB-41FB-82A9-7CE9D34E38DD}.Debug|x64.Build.0 = Debug|x64
		{37844AD8-35FB-41FB-82A9-7CE9D34E38DD}.Debug|x86.ActiveCfg = Debug|Win32
		{37844AD8-35FB-41FB-82A9-7CE9D34E38DD}.Debug|x86.Build.0 = Debug|Win32
		{37844AD8-35FB-41FB-82A9-7CE9D34E38DD}.Release|x64.ActiveCfg = Release|x64
		{37844AD8-35FB-41FB-82A9-7CE9D34E38DD}.Release|x64.Build.0 = Release|x64
		{37844AD8-35FB-41FB-82A9-7CE9D34E38DD}.Release|x86.ActiveCfg = Release|Win32
		{37844AD8-35FB-41FB-82A9-7CE9D34E38DD}.Release|x86.Build.0 = Release|Win32
		{11D9EFB5-20AA-4ABA-A94E-9E77B59DB03A}.Debug|x64.ActiveCfg = Debug|x64
		{11D9EFB5-20AA-4ABA-A94E-9E77B59DB03A}.Debug|x64.Build.0 = Debug|x64
		{11D9EFB5-20AA-4ABA-A94E-9E77B59DB03A}.Debug|x86.ActiveCfg = Debug|Win32
		{11D9EFB5-20AA-4ABA-A94E-9E77B59DB03A}.Debug|x86.Build.0 = Debug|Win32
		{11D9EFB5-20AA-4ABA-A94E-9E77B59DB03A}.Release|x64.ActiveCfg = Release|x64
		{11D9EFB5-20AA-4ABA-A94E-9E77B59DB03A}.Release|x64.Build.0 = Release|x64
		{11D9EFB5-20AA-4ABA-A94E-9E77B59DB03A}.Release|x86.ActiveCfg = Release|Win32
		{11D9EFB5-20AA-4ABA-A94E-9E77B59DB03A}.Release|x86.Build.0 = Release|Win32
	EndGlobalSection
	GlobalSection(SolutionProperties) = preSolution
		HideSolutionNode = FALSE
	EndGlobalSection
	GlobalSection(NestedProjects) = preSolution
		{C038D0AC-FAB9-44C7-B1BF-A838C3AF65B7} = {7DBCA76F-9B1C-44FE-88EF-A4081158F6AD}
		{99DF6FF9-7EFB-42F7-A318-B96E9986E279} = {7DBCA76F-9B1C-44FE-88EF-A4081158F6AD}
		{8D0EFF0D-9F13-498B-B8FB-7673CF000617} = {7DBCA76F-9B1C-44FE-88EF-A4081158F6AD}
		{F0E7A560-98C7-4192-8BEE-FCBF960FE6C2} = {7DBCA76F-9B1C-44FE-88EF-A4081158F6AD}
		{37844AD8-35FB-41FB-82A9-7CE9D34E38DD} = {7DBCA76F-9B1C-44FE-88EF-A4081158F6AD}
		{11D9EFB5-20AA-4ABA-A94E-9E77B59DB03A} = {7DBCA76F-9B1C-44FE-88EF-A4081158F6AD}
	EndGlobalSection
	GlobalSection(ExtensibilityGlobals) = postSolution
		SolutionGuid = {7EBA6E55-C3F5-4C42-8D7D-2689469B7853}
	EndGlobalSection
EndGlobal
